
Microsoft Visual Studio Solution File, Format Version 12.00
# Visual Studio Version 16
VisualStudioVersion = 16.0.32002.261
MinimumVisualStudioVersion = 10.0.40219.1
Project("{FAE04EC0-301F-11D3-BF4B-00C04F79EFBC}") = "tezz", "tezz\tezz.csproj", "{94FAE532-4532-4AB0-AAA7-3CE199A64828}"
EndProject
Global
	GlobalSection(SolutionConfigurationPlatforms) = preSolution
		Debug|Any CPU = Debug|Any CPU
		Release|Any CPU = Release|Any CPU
	EndGlobalSection
	GlobalSection(ProjectConfigurationPlatforms) = postSolution
		{94FAE532-4532-4AB0-AAA7-3CE199A64828}.Debug|Any CPU.ActiveCfg = Debug|Any CPU
		{94FAE532-4532-4AB0-AAA7-3CE199A64828}.Debug|Any CPU.Build.0 = Debug|Any CPU
		{94FAE532-4532-4AB0-AAA7-3CE199A64828}.Release|Any CPU.ActiveCfg = Release|Any CPU
		{94FAE532-4532-4AB0-AAA7-3CE199A64828}.Release|Any CPU.Build.0 = Release|Any CPU
	EndGlobalSection
	GlobalSection(SolutionProperties) = preSolution
		HideSolutionNode = FALSE
	EndGlobalSection
	GlobalSection(ExtensibilityGlobals) = postSolution
		SolutionGuid = {C1613959-888D-4175-BA93-B37CAA02C9EE}
	EndGlobalSection
EndGlobal
